
Microsoft Visual Studio Solution File, Format Version 12.00
# Visual Studio Version 17
VisualStudioVersion = 17.3.32819.101
MinimumVisualStudioVersion = 10.0.40219.1
Project("{FAE04EC0-301F-11D3-BF4B-00C04F79EFBC}") = "Demo Exercise10", "Demo Exercise10\Demo Exercise10.csproj", "{028FE731-FB06-4CF8-8A9D-2726C402896D}"
EndProject
Global
	GlobalSection(SolutionConfigurationPlatforms) = preSolution
		Debug|Any CPU = Debug|Any CPU
		Release|Any CPU = Release|Any CPU
	EndGlobalSection
	GlobalSection(ProjectConfigurationPlatforms) = postSolution
		{028FE731-FB06-4CF8-8A9D-2726C402896D}.Debug|Any CPU.ActiveCfg = Debug|Any CPU
		{028FE731-FB06-4CF8-8A9D-2726C402896D}.Debug|Any CPU.Build.0 = Debug|Any CPU
		{028FE731-FB06-4CF8-8A9D-2726C402896D}.Release|Any CPU.ActiveCfg = Release|Any CPU
		{028FE731-FB06-4CF8-8A9D-2726C402896D}.Release|Any CPU.Build.0 = Release|Any CPU
	EndGlobalSection
	GlobalSection(SolutionProperties) = preSolution
		HideSolutionNode = FALSE
	EndGlobalSection
	GlobalSection(ExtensibilityGlobals) = postSolution
		SolutionGuid = {F9BAB173-65CF-45C0-AC51-789004B5FBC6}
	EndGlobalSection
EndGlobal
